
Microsoft Visual Studio Solution File, Format Version 12.00
# Visual Studio Version 16
VisualStudioVersion = 16.0.31129.286
MinimumVisualStudioVersion = 10.0.40219.1
Project("{FAE04EC0-301F-11D3-BF4B-00C04F79EFBC}") = "GUI", "GUI\GUI.csproj", "{EE55ADDF-08CC-43C0-A381-8FDC9FC50A31}"
EndProject
Project("{FAE04EC0-301F-11D3-BF4B-00C04F79EFBC}") = "BLL_DAL", "BLL_DAL\BLL_DAL.csproj", "{176AE00D-4AA4-4123-95E2-2444D64D28AF}"
EndProject
Project("{FAE04EC0-301F-11D3-BF4B-00C04F79EFBC}") = "Custom_Control", "Custom_Control\Custom_Control.csproj", "{0D15A842-FD87-499D-A836-AA74814EE0AF}"
EndProject
Global
	GlobalSection(SolutionConfigurationPlatforms) = preSolution
		Debug|Any CPU = Debug|Any CPU
		Release|Any CPU = Release|Any CPU
	EndGlobalSection
	GlobalSection(ProjectConfigurationPlatforms) = postSolution
		{EE55ADDF-08CC-43C0-A381-8FDC9FC50A31}.Debug|Any CPU.ActiveCfg = Debug|Any CPU
		{EE55ADDF-08CC-43C0-A381-8FDC9FC50A31}.Debug|Any CPU.Build.0 = Debug|Any CPU
		{EE55ADDF-08CC-43C0-A381-8FDC9FC50A31}.Release|Any CPU.ActiveCfg = Release|Any CPU
		{EE55ADDF-08CC-43C0-A381-8FDC9FC50A31}.Release|Any CPU.Build.0 = Release|Any CPU
		{176AE00D-4AA4-4123-95E2-2444D64D28AF}.Debug|Any CPU.ActiveCfg = Debug|Any CPU
		{176AE00D-4AA4-4123-95E2-2444D64D28AF}.Debug|Any CPU.Build.0 = Debug|Any CPU
		{176AE00D-4AA4-4123-95E2-2444D64D28AF}.Release|Any CPU.ActiveCfg = Release|Any CPU
		{176AE00D-4AA4-4123-95E2-2444D64D28AF}.Release|Any CPU.Build.0 = Release|Any CPU
		{0D15A842-FD87-499D-A836-AA74814EE0AF}.Debug|Any CPU.ActiveCfg = Debug|Any CPU
		{0D15A842-FD87-499D-A836-AA74814EE0AF}.Debug|Any CPU.Build.0 = Debug|Any CPU
		{0D15A842-FD87-499D-A836-AA74814EE0AF}.Release|Any CPU.ActiveCfg = Release|Any CPU
		{0D15A842-FD87-499D-A836-AA74814EE0AF}.Release|Any CPU.Build.0 = Release|Any CPU
	EndGlobalSection
	GlobalSection(SolutionProperties) = preSolution
		HideSolutionNode = FALSE
	EndGlobalSection
	GlobalSection(ExtensibilityGlobals) = postSolution
		SolutionGuid = {3B058F04-784D-4C23-BBF8-852BF257416B}
	EndGlobalSection
EndGlobal
